
Microsoft Visual Studio Solution File, Format Version 12.00
# Visual Studio Version 17
VisualStudioVersion = 17.11.35303.130
MinimumVisualStudioVersion = 10.0.40219.1
Project("{FAE04EC0-301F-11D3-BF4B-00C04F79EFBC}") = "Comlan", "Comlan\Comlan.csproj", "{FDFEC883-2955-4148-865F-37CA6A183FCC}"
EndProject
Global
	GlobalSection(SolutionConfigurationPlatforms) = preSolution
		Debug|Any CPU = Debug|Any CPU
		Release|Any CPU = Release|Any CPU
	EndGlobalSection
	GlobalSection(ProjectConfigurationPlatforms) = postSolution
		{FDFEC883-2955-4148-865F-37CA6A183FCC}.Debug|Any CPU.ActiveCfg = Debug|Any CPU
		{FDFEC883-2955-4148-865F-37CA6A183FCC}.Debug|Any CPU.Build.0 = Debug|Any CPU
		{FDFEC883-2955-4148-865F-37CA6A183FCC}.Release|Any CPU.ActiveCfg = Release|Any CPU
		{FDFEC883-2955-4148-865F-37CA6A183FCC}.Release|Any CPU.Build.0 = Release|Any CPU
	EndGlobalSection
	GlobalSection(SolutionProperties) = preSolution
		HideSolutionNode = FALSE
	EndGlobalSection
	GlobalSection(ExtensibilityGlobals) = postSolution
		SolutionGuid = {864A3A3E-12B0-4BFB-91DF-690770300176}
	EndGlobalSection
EndGlobal
